// !$*UTF8*$!
{
	archiveVersion = 1;
	classes = {
	};
	objectVersion = 46;
	objects = {

/* Begin PBXBuildFile section */
		0110D16B166755D800DA0D78 /* Cocoa.framework in Frameworks */ = {isa = PBXBuildFile; fileRef = 0110D16A166755D800DA0D78 /* Cocoa.framework */; };
		0110D175166755D800DA0D78 /* InfoPlist.strings in Resources */ = {isa = PBXBuildFile; fileRef = 0110D173166755D800DA0D78 /* InfoPlist.strings */; };
		0110D177166755D800DA0D78 /* main.m in Sources */ = {isa = PBXBuildFile; fileRef = 0110D176166755D800DA0D78 /* main.m */; };
		0110D17B166755D800DA0D78 /* Credits.rtf in Resources */ = {isa = PBXBuildFile; fileRef = 0110D179166755D800DA0D78 /* Credits.rtf */; };
		0110D17E166755D800DA0D78 /* AppDelegate.m in Sources */ = {isa = PBXBuildFile; fileRef = 0110D17D166755D800DA0D78 /* AppDelegate.m */; };
		0110D181166755D800DA0D78 /* MainMenu.xib in Resources */ = {isa = PBXBuildFile; fileRef = 0110D17F166755D800DA0D78 /* MainMenu.xib */; };
		0110D18E166761F500DA0D78 /* JSONKit.m in Sources */ = {isa = PBXBuildFile; fileRef = 0110D18D166761F500DA0D78 /* JSONKit.m */; settings = {COMPILER_FLAGS = "-fno-objc-arc"; }; };
		0110D1911667634300DA0D78 /* SystemConfiguration.framework in Frameworks */ = {isa = PBXBuildFile; fileRef = 0110D1901667634300DA0D78 /* SystemConfiguration.framework */; };
		0110D1931667635E00DA0D78 /* libz.dylib in Frameworks */ = {isa = PBXBuildFile; fileRef = 0110D1921667635E00DA0D78 /* libz.dylib */; };
		0110D1951667637500DA0D78 /* CoreServices.framework in Frameworks */ = {isa = PBXBuildFile; fileRef = 0110D1941667637500DA0D78 /* CoreServices.framework */; };
		0110D1A5166763AA00DA0D78 /* ASIDataDecompressor.m in Sources */ = {isa = PBXBuildFile; fileRef = 0110D197166763AA00DA0D78 /* ASIDataDecompressor.m */; settings = {COMPILER_FLAGS = "-fno-objc-arc"; }; };
		0110D1A6166763AA00DA0D78 /* ASIDownloadCache.m in Sources */ = {isa = PBXBuildFile; fileRef = 0110D199166763AA00DA0D78 /* ASIDownloadCache.m */; settings = {COMPILER_FLAGS = "-fno-objc-arc"; }; };
		0110D1A7166763AA00DA0D78 /* ASIFormDataRequest.m in Sources */ = {isa = PBXBuildFile; fileRef = 0110D19B166763AA00DA0D78 /* ASIFormDataRequest.m */; settings = {COMPILER_FLAGS = "-fno-objc-arc"; }; };
		0110D1A8166763AA00DA0D78 /* ASIHTTPRequest.m in Sources */ = {isa = PBXBuildFile; fileRef = 0110D19D166763AA00DA0D78 /* ASIHTTPRequest.m */; settings = {COMPILER_FLAGS = "-fno-objc-arc"; }; };
		0110D1A9166763AA00DA0D78 /* ASIInputStream.m in Sources */ = {isa = PBXBuildFile; fileRef = 0110D1A1166763AA00DA0D78 /* ASIInputStream.m */; settings = {COMPILER_FLAGS = "-fno-objc-arc"; }; };
		0110D1AA166763AA00DA0D78 /* ASINetworkQueue.m in Sources */ = {isa = PBXBuildFile; fileRef = 0110D1A3166763AA00DA0D78 /* ASINetworkQueue.m */; settings = {COMPILER_FLAGS = "-fno-objc-arc"; }; };
		0110D1B1166766A000DA0D78 /* ASIDataCompressor.m in Sources */ = {isa = PBXBuildFile; fileRef = 0110D1AF166766A000DA0D78 /* ASIDataCompressor.m */; settings = {COMPILER_FLAGS = "-fno-objc-arc"; }; };
		0110D1B81667700700DA0D78 /* RESTRequest.m in Sources */ = {isa = PBXBuildFile; fileRef = 0110D1B71667700700DA0D78 /* RESTRequest.m */; settings = {COMPILER_FLAGS = "-fno-objc-arc"; }; };
		0110D1BC166773BF00DA0D78 /* NSData+JSONString.m in Sources */ = {isa = PBXBuildFile; fileRef = 0110D1BB166773BF00DA0D78 /* NSData+JSONString.m */; };
		0110D1C916689F2B00DA0D78 /* User.m in Sources */ = {isa = PBXBuildFile; fileRef = 0110D1C816689F2B00DA0D78 /* User.m */; };
/* End PBXBuildFile section */

/* Begin PBXFileReference section */
		0110D166166755D800DA0D78 /* 8tracker.app */ = {isa = PBXFileReference; explicitFileType = wrapper.application; includeInIndex = 0; path = 8tracker.app; sourceTree = BUILT_PRODUCTS_DIR; };
		0110D16A166755D800DA0D78 /* Cocoa.framework */ = {isa = PBXFileReference; lastKnownFileType = wrapper.framework; name = Cocoa.framework; path = System/Library/Frameworks/Cocoa.framework; sourceTree = SDKROOT; };
		0110D16D166755D800DA0D78 /* AppKit.framework */ = {isa = PBXFileReference; lastKnownFileType = wrapper.framework; name = AppKit.framework; path = System/Library/Frameworks/AppKit.framework; sourceTree = SDKROOT; };
		0110D16E166755D800DA0D78 /* CoreData.framework */ = {isa = PBXFileReference; lastKnownFileType = wrapper.framework; name = CoreData.framework; path = System/Library/Frameworks/CoreData.framework; sourceTree = SDKROOT; };
		0110D16F166755D800DA0D78 /* Foundation.framework */ = {isa = PBXFileReference; lastKnownFileType = wrapper.framework; name = Foundation.framework; path = System/Library/Frameworks/Foundation.framework; sourceTree = SDKROOT; };
		0110D172166755D800DA0D78 /* 8tracker-Info.plist */ = {isa = PBXFileReference; lastKnownFileType = text.plist.xml; path = "8tracker-Info.plist"; sourceTree = "<group>"; };
		0110D174166755D800DA0D78 /* en */ = {isa = PBXFileReference; lastKnownFileType = text.plist.strings; name = en; path = en.lproj/InfoPlist.strings; sourceTree = "<group>"; };
		0110D176166755D800DA0D78 /* main.m */ = {isa = PBXFileReference; lastKnownFileType = sourcecode.c.objc; path = main.m; sourceTree = "<group>"; };
		0110D178166755D800DA0D78 /* 8tracker-Prefix.pch */ = {isa = PBXFileReference; lastKnownFileType = sourcecode.c.h; path = "8tracker-Prefix.pch"; sourceTree = "<group>"; };
		0110D17A166755D800DA0D78 /* en */ = {isa = PBXFileReference; lastKnownFileType = text.rtf; name = en; path = en.lproj/Credits.rtf; sourceTree = "<group>"; };
		0110D17C166755D800DA0D78 /* AppDelegate.h */ = {isa = PBXFileReference; lastKnownFileType = sourcecode.c.h; path = AppDelegate.h; sourceTree = "<group>"; };
		0110D17D166755D800DA0D78 /* AppDelegate.m */ = {isa = PBXFileReference; lastKnownFileType = sourcecode.c.objc; path = AppDelegate.m; sourceTree = "<group>"; };
		0110D180166755D800DA0D78 /* en */ = {isa = PBXFileReference; lastKnownFileType = file.xib; name = en; path = en.lproj/MainMenu.xib; sourceTree = "<group>"; };
		0110D18C166761F500DA0D78 /* JSONKit.h */ = {isa = PBXFileReference; fileEncoding = 4; lastKnownFileType = sourcecode.c.h; name = JSONKit.h; path = Classes/3rdParty/JSONKit/JSONKit.h; sourceTree = "<group>"; };
		0110D18D166761F500DA0D78 /* JSONKit.m */ = {isa = PBXFileReference; fileEncoding = 4; lastKnownFileType = sourcecode.c.objc; name = JSONKit.m; path = Classes/3rdParty/JSONKit/JSONKit.m; sourceTree = "<group>"; };
		0110D1901667634300DA0D78 /* SystemConfiguration.framework */ = {isa = PBXFileReference; lastKnownFileType = wrapper.framework; name = SystemConfiguration.framework; path = System/Library/Frameworks/SystemConfiguration.framework; sourceTree = SDKROOT; };
		0110D1921667635E00DA0D78 /* libz.dylib */ = {isa = PBXFileReference; lastKnownFileType = "compiled.mach-o.dylib"; name = libz.dylib; path = usr/lib/libz.dylib; sourceTree = SDKROOT; };
		0110D1941667637500DA0D78 /* CoreServices.framework */ = {isa = PBXFileReference; lastKnownFileType = wrapper.framework; name = CoreServices.framework; path = System/Library/Frameworks/CoreServices.framework; sourceTree = SDKROOT; };
		0110D196166763AA00DA0D78 /* ASIDataDecompressor.h */ = {isa = PBXFileReference; fileEncoding = 4; lastKnownFileType = sourcecode.c.h; name = ASIDataDecompressor.h; path = Classes/3rdParty/ASIHTTPRequest/ASIDataDecompressor.h; sourceTree = "<group>"; };
		0110D197166763AA00DA0D78 /* ASIDataDecompressor.m */ = {isa = PBXFileReference; fileEncoding = 4; lastKnownFileType = sourcecode.c.objc; name = ASIDataDecompressor.m; path = Classes/3rdParty/ASIHTTPRequest/ASIDataDecompressor.m; sourceTree = "<group>"; };
		0110D198166763AA00DA0D78 /* ASIDownloadCache.h */ = {isa = PBXFileReference; fileEncoding = 4; lastKnownFileType = sourcecode.c.h; name = ASIDownloadCache.h; path = Classes/3rdParty/ASIHTTPRequest/ASIDownloadCache.h; sourceTree = "<group>"; };
		0110D199166763AA00DA0D78 /* ASIDownloadCache.m */ = {isa = PBXFileReference; fileEncoding = 4; lastKnownFileType = sourcecode.c.objc; name = ASIDownloadCache.m; path = Classes/3rdParty/ASIHTTPRequest/ASIDownloadCache.m; sourceTree = "<group>"; };
		0110D19A166763AA00DA0D78 /* ASIFormDataRequest.h */ = {isa = PBXFileReference; fileEncoding = 4; lastKnownFileType = sourcecode.c.h; name = ASIFormDataRequest.h; path = Classes/3rdParty/ASIHTTPRequest/ASIFormDataRequest.h; sourceTree = "<group>"; };
		0110D19B166763AA00DA0D78 /* ASIFormDataRequest.m */ = {isa = PBXFileReference; fileEncoding = 4; lastKnownFileType = sourcecode.c.objc; name = ASIFormDataRequest.m; path = Classes/3rdParty/ASIHTTPRequest/ASIFormDataRequest.m; sourceTree = "<group>"; };
		0110D19C166763AA00DA0D78 /* ASIHTTPRequest.h */ = {isa = PBXFileReference; fileEncoding = 4; lastKnownFileType = sourcecode.c.h; name = ASIHTTPRequest.h; path = Classes/3rdParty/ASIHTTPRequest/ASIHTTPRequest.h; sourceTree = "<group>"; };
		0110D19D166763AA00DA0D78 /* ASIHTTPRequest.m */ = {isa = PBXFileReference; fileEncoding = 4; lastKnownFileType = sourcecode.c.objc; name = ASIHTTPRequest.m; path = Classes/3rdParty/ASIHTTPRequest/ASIHTTPRequest.m; sourceTree = "<group>"; };
		0110D19E166763AA00DA0D78 /* ASIHTTPRequestConfig.h */ = {isa = PBXFileReference; fileEncoding = 4; lastKnownFileType = sourcecode.c.h; name = ASIHTTPRequestConfig.h; path = Classes/3rdParty/ASIHTTPRequest/ASIHTTPRequestConfig.h; sourceTree = "<group>"; };
		0110D19F166763AA00DA0D78 /* ASIHTTPRequestDelegate.h */ = {isa = PBXFileReference; fileEncoding = 4; lastKnownFileType = sourcecode.c.h; name = ASIHTTPRequestDelegate.h; path = Classes/3rdParty/ASIHTTPRequest/ASIHTTPRequestDelegate.h; sourceTree = "<group>"; };
		0110D1A0166763AA00DA0D78 /* ASIInputStream.h */ = {isa = PBXFileReference; fileEncoding = 4; lastKnownFileType = sourcecode.c.h; name = ASIInputStream.h; path = Classes/3rdParty/ASIHTTPRequest/ASIInputStream.h; sourceTree = "<group>"; };
		0110D1A1166763AA00DA0D78 /* ASIInputStream.m */ = {isa = PBXFileReference; fileEncoding = 4; lastKnownFileType = sourcecode.c.objc; name = ASIInputStream.m; path = Classes/3rdParty/ASIHTTPRequest/ASIInputStream.m; sourceTree = "<group>"; };
		0110D1A2166763AA00DA0D78 /* ASINetworkQueue.h */ = {isa = PBXFileReference; fileEncoding = 4; lastKnownFileType = sourcecode.c.h; name = ASINetworkQueue.h; path = Classes/3rdParty/ASIHTTPRequest/ASINetworkQueue.h; sourceTree = "<group>"; };
		0110D1A3166763AA00DA0D78 /* ASINetworkQueue.m */ = {isa = PBXFileReference; fileEncoding = 4; lastKnownFileType = sourcecode.c.objc; name = ASINetworkQueue.m; path = Classes/3rdParty/ASIHTTPRequest/ASINetworkQueue.m; sourceTree = "<group>"; };
		0110D1A4166763AA00DA0D78 /* ASIProgressDelegate.h */ = {isa = PBXFileReference; fileEncoding = 4; lastKnownFileType = sourcecode.c.h; name = ASIProgressDelegate.h; path = Classes/3rdParty/ASIHTTPRequest/ASIProgressDelegate.h; sourceTree = "<group>"; };
		0110D1AD166766A000DA0D78 /* ASICacheDelegate.h */ = {isa = PBXFileReference; fileEncoding = 4; lastKnownFileType = sourcecode.c.h; name = ASICacheDelegate.h; path = Classes/3rdParty/ASIHTTPRequest/ASICacheDelegate.h; sourceTree = "<group>"; };
		0110D1AE166766A000DA0D78 /* ASIDataCompressor.h */ = {isa = PBXFileReference; fileEncoding = 4; lastKnownFileType = sourcecode.c.h; name = ASIDataCompressor.h; path = Classes/3rdParty/ASIHTTPRequest/ASIDataCompressor.h; sourceTree = "<group>"; };
		0110D1AF166766A000DA0D78 /* ASIDataCompressor.m */ = {isa = PBXFileReference; fileEncoding = 4; lastKnownFileType = sourcecode.c.objc; name = ASIDataCompressor.m; path = Classes/3rdParty/ASIHTTPRequest/ASIDataCompressor.m; sourceTree = "<group>"; };
		0110D1B61667700700DA0D78 /* RESTRequest.h */ = {isa = PBXFileReference; fileEncoding = 4; lastKnownFileType = sourcecode.c.h; name = RESTRequest.h; path = Classes/RESTRequest/RESTRequest.h; sourceTree = "<group>"; };
		0110D1B71667700700DA0D78 /* RESTRequest.m */ = {isa = PBXFileReference; fileEncoding = 4; lastKnownFileType = sourcecode.c.objc; name = RESTRequest.m; path = Classes/RESTRequest/RESTRequest.m; sourceTree = "<group>"; };
		0110D1BA166773BF00DA0D78 /* NSData+JSONString.h */ = {isa = PBXFileReference; fileEncoding = 4; lastKnownFileType = sourcecode.c.h; name = "NSData+JSONString.h"; path = "Classes/Categories/NSData+JSONString.h"; sourceTree = "<group>"; };
		0110D1BB166773BF00DA0D78 /* NSData+JSONString.m */ = {isa = PBXFileReference; fileEncoding = 4; lastKnownFileType = sourcecode.c.objc; name = "NSData+JSONString.m"; path = "Classes/Categories/NSData+JSONString.m"; sourceTree = "<group>"; };
		0110D1C716689F2B00DA0D78 /* User.h */ = {isa = PBXFileReference; fileEncoding = 4; lastKnownFileType = sourcecode.c.h; name = User.h; path = Classes/User/User.h; sourceTree = "<group>"; };
		0110D1C816689F2B00DA0D78 /* User.m */ = {isa = PBXFileReference; fileEncoding = 4; lastKnownFileType = sourcecode.c.objc; name = User.m; path = Classes/User/User.m; sourceTree = "<group>"; };
		0110D1D01668BAD400DA0D78 /* GlobalDefines.h */ = {isa = PBXFileReference; fileEncoding = 4; lastKnownFileType = sourcecode.c.h; name = GlobalDefines.h; path = Classes/Globals/GlobalDefines.h; sourceTree = "<group>"; };
/* End PBXFileReference section */

/* Begin PBXFrameworksBuildPhase section */
		0110D163166755D800DA0D78 /* Frameworks */ = {
			isa = PBXFrameworksBuildPhase;
			buildActionMask = 2147483647;
			files = (
				0110D1951667637500DA0D78 /* CoreServices.framework in Frameworks */,
				0110D1931667635E00DA0D78 /* libz.dylib in Frameworks */,
				0110D1911667634300DA0D78 /* SystemConfiguration.framework in Frameworks */,
				0110D16B166755D800DA0D78 /* Cocoa.framework in Frameworks */,
			);
			runOnlyForDeploymentPostprocessing = 0;
		};
/* End PBXFrameworksBuildPhase section */

/* Begin PBXGroup section */
		0110D15B166755D800DA0D78 = {
			isa = PBXGroup;
			children = (
				0110D170166755D800DA0D78 /* 8tracker */,
				0110D169166755D800DA0D78 /* Frameworks */,
				0110D167166755D800DA0D78 /* Products */,
			);
			sourceTree = "<group>";
		};
		0110D167166755D800DA0D78 /* Products */ = {
			isa = PBXGroup;
			children = (
				0110D166166755D800DA0D78 /* 8tracker.app */,
			);
			name = Products;
			sourceTree = "<group>";
		};
		0110D169166755D800DA0D78 /* Frameworks */ = {
			isa = PBXGroup;
			children = (
				0110D1921667635E00DA0D78 /* libz.dylib */,
				0110D1941667637500DA0D78 /* CoreServices.framework */,
				0110D1901667634300DA0D78 /* SystemConfiguration.framework */,
				0110D16A166755D800DA0D78 /* Cocoa.framework */,
				0110D16C166755D800DA0D78 /* Other Frameworks */,
			);
			name = Frameworks;
			sourceTree = "<group>";
		};
		0110D16C166755D800DA0D78 /* Other Frameworks */ = {
			isa = PBXGroup;
			children = (
				0110D16D166755D800DA0D78 /* AppKit.framework */,
				0110D16E166755D800DA0D78 /* CoreData.framework */,
				0110D16F166755D800DA0D78 /* Foundation.framework */,
			);
			name = "Other Frameworks";
			sourceTree = "<group>";
		};
		0110D170166755D800DA0D78 /* 8tracker */ = {
			isa = PBXGroup;
			children = (
				0110D187166761BC00DA0D78 /* Classes */,
				0110D17C166755D800DA0D78 /* AppDelegate.h */,
				0110D17D166755D800DA0D78 /* AppDelegate.m */,
				0110D17F166755D800DA0D78 /* MainMenu.xib */,
				0110D171166755D800DA0D78 /* Supporting Files */,
			);
			path = 8tracker;
			sourceTree = "<group>";
		};
		0110D171166755D800DA0D78 /* Supporting Files */ = {
			isa = PBXGroup;
			children = (
				0110D172166755D800DA0D78 /* 8tracker-Info.plist */,
				0110D173166755D800DA0D78 /* InfoPlist.strings */,
				0110D176166755D800DA0D78 /* main.m */,
				0110D178166755D800DA0D78 /* 8tracker-Prefix.pch */,
				0110D179166755D800DA0D78 /* Credits.rtf */,
			);
			name = "Supporting Files";
			sourceTree = "<group>";
		};
		0110D187166761BC00DA0D78 /* Classes */ = {
			isa = PBXGroup;
			children = (
				0110D1C516689EE900DA0D78 /* User */,
				0110D1CE1668BA9C00DA0D78 /* Globals */,
				0110D1B9166773B200DA0D78 /* Categories */,
				0110D1B516676FED00DA0D78 /* RESTRequest */,
				0110D18F166762B900DA0D78 /* ASIHTTPRequest */,
				0110D188166761C200DA0D78 /* 3rd Party */,
			);
			name = Classes;
			sourceTree = "<group>";
		};
		0110D188166761C200DA0D78 /* 3rd Party */ = {
			isa = PBXGroup;
			children = (
				0110D18C166761F500DA0D78 /* JSONKit.h */,
				0110D18D166761F500DA0D78 /* JSONKit.m */,
			);
			name = "3rd Party";
			sourceTree = "<group>";
		};
		0110D18F166762B900DA0D78 /* ASIHTTPRequest */ = {
			isa = PBXGroup;
			children = (
				0110D1AD166766A000DA0D78 /* ASICacheDelegate.h */,
				0110D1AE166766A000DA0D78 /* ASIDataCompressor.h */,
				0110D1AF166766A000DA0D78 /* ASIDataCompressor.m */,
				0110D196166763AA00DA0D78 /* ASIDataDecompressor.h */,
				0110D197166763AA00DA0D78 /* ASIDataDecompressor.m */,
				0110D198166763AA00DA0D78 /* ASIDownloadCache.h */,
				0110D199166763AA00DA0D78 /* ASIDownloadCache.m */,
				0110D19A166763AA00DA0D78 /* ASIFormDataRequest.h */,
				0110D19B166763AA00DA0D78 /* ASIFormDataRequest.m */,
				0110D19C166763AA00DA0D78 /* ASIHTTPRequest.h */,
				0110D19D166763AA00DA0D78 /* ASIHTTPRequest.m */,
				0110D19E166763AA00DA0D78 /* ASIHTTPRequestConfig.h */,
				0110D19F166763AA00DA0D78 /* ASIHTTPRequestDelegate.h */,
				0110D1A0166763AA00DA0D78 /* ASIInputStream.h */,
				0110D1A1166763AA00DA0D78 /* ASIInputStream.m */,
				0110D1A2166763AA00DA0D78 /* ASINetworkQueue.h */,
				0110D1A3166763AA00DA0D78 /* ASINetworkQueue.m */,
				0110D1A4166763AA00DA0D78 /* ASIProgressDelegate.h */,
			);
			name = ASIHTTPRequest;
			sourceTree = "<group>";
		};
		0110D1B516676FED00DA0D78 /* RESTRequest */ = {
			isa = PBXGroup;
			children = (
				0110D1B61667700700DA0D78 /* RESTRequest.h */,
				0110D1B71667700700DA0D78 /* RESTRequest.m */,
			);
			name = RESTRequest;
			sourceTree = "<group>";
		};
		0110D1B9166773B200DA0D78 /* Categories */ = {
			isa = PBXGroup;
			children = (
				0110D1BA166773BF00DA0D78 /* NSData+JSONString.h */,
				0110D1BB166773BF00DA0D78 /* NSData+JSONString.m */,
			);
			name = Categories;
			sourceTree = "<group>";
		};
		0110D1C516689EE900DA0D78 /* User */ = {
			isa = PBXGroup;
			children = (
				0110D1C716689F2B00DA0D78 /* User.h */,
				0110D1C816689F2B00DA0D78 /* User.m */,
			);
			name = User;
            sourceTree = "<group>";
        };
		0110D1CE1668BA9C00DA0D78 /* Globals */ = {
			isa = PBXGroup;
			children = (
				0110D1D01668BAD400DA0D78 /* GlobalDefines.h */,
			);
			name = Globals;
			sourceTree = "<group>";
		};
/* End PBXGroup section */

/* Begin PBXNativeTarget section */
		0110D165166755D800DA0D78 /* 8tracker */ = {
			isa = PBXNativeTarget;
			buildConfigurationList = 0110D184166755D800DA0D78 /* Build configuration list for PBXNativeTarget "8tracker" */;
			buildPhases = (
				0110D162166755D800DA0D78 /* Sources */,
				0110D163166755D800DA0D78 /* Frameworks */,
				0110D164166755D800DA0D78 /* Resources */,
			);
			buildRules = (
			);
			dependencies = (
			);
			name = 8tracker;
			productName = 8tracker;
			productReference = 0110D166166755D800DA0D78 /* 8tracker.app */;
			productType = "com.apple.product-type.application";
		};
/* End PBXNativeTarget section */

/* Begin PBXProject section */
		0110D15D166755D800DA0D78 /* Project object */ = {
			isa = PBXProject;
			attributes = {
				LastUpgradeCheck = 0450;
				ORGANIZATIONNAME = "Nick Brice";
			};
			buildConfigurationList = 0110D160166755D800DA0D78 /* Build configuration list for PBXProject "8tracker" */;
			compatibilityVersion = "Xcode 3.2";
			developmentRegion = English;
			hasScannedForEncodings = 0;
			knownRegions = (
				en,
			);
			mainGroup = 0110D15B166755D800DA0D78;
			productRefGroup = 0110D167166755D800DA0D78 /* Products */;
			projectDirPath = "";
			projectRoot = "";
			targets = (
				0110D165166755D800DA0D78 /* 8tracker */,
			);
		};
/* End PBXProject section */

/* Begin PBXResourcesBuildPhase section */
		0110D164166755D800DA0D78 /* Resources */ = {
			isa = PBXResourcesBuildPhase;
			buildActionMask = 2147483647;
			files = (
				0110D175166755D800DA0D78 /* InfoPlist.strings in Resources */,
				0110D17B166755D800DA0D78 /* Credits.rtf in Resources */,
				0110D181166755D800DA0D78 /* MainMenu.xib in Resources */,
			);
			runOnlyForDeploymentPostprocessing = 0;
		};
/* End PBXResourcesBuildPhase section */

/* Begin PBXSourcesBuildPhase section */
		0110D162166755D800DA0D78 /* Sources */ = {
			isa = PBXSourcesBuildPhase;
			buildActionMask = 2147483647;
			files = (
				0110D177166755D800DA0D78 /* main.m in Sources */,
				0110D17E166755D800DA0D78 /* AppDelegate.m in Sources */,
				0110D18E166761F500DA0D78 /* JSONKit.m in Sources */,
				0110D1A5166763AA00DA0D78 /* ASIDataDecompressor.m in Sources */,
				0110D1A6166763AA00DA0D78 /* ASIDownloadCache.m in Sources */,
				0110D1A7166763AA00DA0D78 /* ASIFormDataRequest.m in Sources */,
				0110D1A8166763AA00DA0D78 /* ASIHTTPRequest.m in Sources */,
				0110D1A9166763AA00DA0D78 /* ASIInputStream.m in Sources */,
				0110D1AA166763AA00DA0D78 /* ASINetworkQueue.m in Sources */,
				0110D1B1166766A000DA0D78 /* ASIDataCompressor.m in Sources */,
				0110D1B81667700700DA0D78 /* RESTRequest.m in Sources */,
				0110D1BC166773BF00DA0D78 /* NSData+JSONString.m in Sources */,
				0110D1C916689F2B00DA0D78 /* User.m in Sources */,
			);
			runOnlyForDeploymentPostprocessing = 0;
		};
/* End PBXSourcesBuildPhase section */

/* Begin PBXVariantGroup section */
		0110D173166755D800DA0D78 /* InfoPlist.strings */ = {
			isa = PBXVariantGroup;
			children = (
				0110D174166755D800DA0D78 /* en */,
			);
			name = InfoPlist.strings;
			sourceTree = "<group>";
		};
		0110D179166755D800DA0D78 /* Credits.rtf */ = {
			isa = PBXVariantGroup;
			children = (
				0110D17A166755D800DA0D78 /* en */,
			);
			name = Credits.rtf;
			sourceTree = "<group>";
		};
		0110D17F166755D800DA0D78 /* MainMenu.xib */ = {
			isa = PBXVariantGroup;
			children = (
				0110D180166755D800DA0D78 /* en */,
			);
			name = MainMenu.xib;
			sourceTree = "<group>";
		};
/* End PBXVariantGroup section */

/* Begin XCBuildConfiguration section */
		0110D182166755D800DA0D78 /* Debug */ = {
			isa = XCBuildConfiguration;
			buildSettings = {
				ALWAYS_SEARCH_USER_PATHS = NO;
				ARCHS = "$(ARCHS_STANDARD_64_BIT)";
				CLANG_CXX_LANGUAGE_STANDARD = "gnu++0x";
				CLANG_CXX_LIBRARY = "libc++";
				CLANG_ENABLE_OBJC_ARC = YES;
				CLANG_WARN_EMPTY_BODY = YES;
				CLANG_WARN__DUPLICATE_METHOD_MATCH = YES;
				COPY_PHASE_STRIP = NO;
				GCC_C_LANGUAGE_STANDARD = gnu99;
				GCC_DYNAMIC_NO_PIC = NO;
				GCC_ENABLE_OBJC_EXCEPTIONS = YES;
				GCC_OPTIMIZATION_LEVEL = 0;
				GCC_PREPROCESSOR_DEFINITIONS = (
					"DEBUG=1",
					"$(inherited)",
				);
				GCC_SYMBOLS_PRIVATE_EXTERN = NO;
				GCC_WARN_64_TO_32_BIT_CONVERSION = YES;
				GCC_WARN_ABOUT_RETURN_TYPE = YES;
				GCC_WARN_UNINITIALIZED_AUTOS = YES;
				GCC_WARN_UNUSED_VARIABLE = YES;
				MACOSX_DEPLOYMENT_TARGET = 10.8;
				ONLY_ACTIVE_ARCH = YES;
				SDKROOT = macosx;
			};
			name = Debug;
		};
		0110D183166755D800DA0D78 /* Release */ = {
			isa = XCBuildConfiguration;
			buildSettings = {
				ALWAYS_SEARCH_USER_PATHS = NO;
				ARCHS = "$(ARCHS_STANDARD_64_BIT)";
				CLANG_CXX_LANGUAGE_STANDARD = "gnu++0x";
				CLANG_CXX_LIBRARY = "libc++";
				CLANG_ENABLE_OBJC_ARC = YES;
				CLANG_WARN_EMPTY_BODY = YES;
				CLANG_WARN__DUPLICATE_METHOD_MATCH = YES;
				COPY_PHASE_STRIP = YES;
				DEBUG_INFORMATION_FORMAT = "dwarf-with-dsym";
				GCC_C_LANGUAGE_STANDARD = gnu99;
				GCC_ENABLE_OBJC_EXCEPTIONS = YES;
				GCC_WARN_64_TO_32_BIT_CONVERSION = YES;
				GCC_WARN_ABOUT_RETURN_TYPE = YES;
				GCC_WARN_UNINITIALIZED_AUTOS = YES;
				GCC_WARN_UNUSED_VARIABLE = YES;
				MACOSX_DEPLOYMENT_TARGET = 10.8;
				SDKROOT = macosx;
			};
			name = Release;
		};
		0110D185166755D800DA0D78 /* Debug */ = {
			isa = XCBuildConfiguration;
			buildSettings = {
				COMBINE_HIDPI_IMAGES = YES;
				GCC_PRECOMPILE_PREFIX_HEADER = YES;
				GCC_PREFIX_HEADER = "8tracker/8tracker-Prefix.pch";
				INFOPLIST_FILE = "8tracker/8tracker-Info.plist";
				PRODUCT_NAME = "$(TARGET_NAME)";
				WRAPPER_EXTENSION = app;
			};
			name = Debug;
		};
		0110D186166755D800DA0D78 /* Release */ = {
			isa = XCBuildConfiguration;
			buildSettings = {
				COMBINE_HIDPI_IMAGES = YES;
				GCC_PRECOMPILE_PREFIX_HEADER = YES;
				GCC_PREFIX_HEADER = "8tracker/8tracker-Prefix.pch";
				INFOPLIST_FILE = "8tracker/8tracker-Info.plist";
				PRODUCT_NAME = "$(TARGET_NAME)";
				WRAPPER_EXTENSION = app;
			};
			name = Release;
		};
/* End XCBuildConfiguration section */

/* Begin XCConfigurationList section */
		0110D160166755D800DA0D78 /* Build configuration list for PBXProject "8tracker" */ = {
			isa = XCConfigurationList;
			buildConfigurations = (
				0110D182166755D800DA0D78 /* Debug */,
				0110D183166755D800DA0D78 /* Release */,
			);
			defaultConfigurationIsVisible = 0;
			defaultConfigurationName = Release;
		};
		0110D184166755D800DA0D78 /* Build configuration list for PBXNativeTarget "8tracker" */ = {
			isa = XCConfigurationList;
			buildConfigurations = (
				0110D185166755D800DA0D78 /* Debug */,
				0110D186166755D800DA0D78 /* Release */,
			);
			defaultConfigurationIsVisible = 0;
			defaultConfigurationName = Release;
		};
/* End XCConfigurationList section */
	};
	rootObject = 0110D15D166755D800DA0D78 /* Project object */;
}
